
Microsoft Visual Studio Solution File, Format Version 12.00
# Visual Studio Version 18
VisualStudioVersion = 18.3.11520.95
MinimumVisualStudioVersion = 10.0.40219.1
Project("{FAE04EC0-301F-11D3-BF4B-00C04F79EFBC}") = "dotnet_pc2", "Hardware\dotnet_pc2\dotnet_pc2.csproj", "{0C24C5A2-17C3-73BF-069B-0E0DD1EF9EF2}"
EndProject
Project("{FAE04EC0-301F-11D3-BF4B-00C04F79EFBC}") = "BeoControlInterfaces", "Interfaces\BeoControlInterfaces.csproj", "{79E20EF0-CF3C-42BF-BD26-98F6A09B629D}"
EndProject
Project("{FAE04EC0-301F-11D3-BF4B-00C04F79EFBC}") = "Beo4Adapter", "Adapters\Beo4Adapter\Beo4Adapter.csproj", "{5956DEBA-4C04-49A1-90FF-0E371E069826}"
EndProject
Project("{FAE04EC0-301F-11D3-BF4B-00C04F79EFBC}") = "Pc2Adapter", "Adapters\Pc2Adapter\Pc2Adapter.csproj", "{A1B2C3D4-E5F6-7890-ABCD-EF1234567890}"
EndProject
Project("{2150E333-8FDC-42A3-9474-1A3956D46DE8}") = "Hardware", "Hardware", "{BF000001-0000-0000-0000-000000000001}"
EndProject
Project("{2150E333-8FDC-42A3-9474-1A3956D46DE8}") = "Adapters", "Adapters", "{BF000002-0000-0000-0000-000000000002}"
EndProject
Project("{2150E333-8FDC-42A3-9474-1A3956D46DE8}") = "UI", "UI", "{BF000003-0000-0000-0000-000000000003}"
EndProject
Project("{FAE04EC0-301F-11D3-BF4B-00C04F79EFBC}") = "BeoControlTUI", "UI\BeoControlTUI\BeoControlTUI.csproj", "{6D1258DB-BC5F-F0C4-80F2-0B560F7783C7}"
EndProject
Project("{FAE04EC0-301F-11D3-BF4B-00C04F79EFBC}") = "BeoControlMaui", "UI\BeoControlBlazor\BeoControlMaui\BeoControlMaui.csproj", "{6465577B-2011-41D4-9EB4-C9C54BE2F56F}"
EndProject
Project("{FAE04EC0-301F-11D3-BF4B-00C04F79EFBC}") = "BeoControlBlazorCL", "UI\BeoControlBlazor\BeoControlBlazorCL\BeoControlBlazorCL.csproj", "{254D8620-16FF-360B-AF6B-89B4C372BC0C}"
EndProject
Project("{FAE04EC0-301F-11D3-BF4B-00C04F79EFBC}") = "BeoControlBlazor", "UI\BeoControlBlazor\BeoControlBlazorServer\BeoControlBlazor.csproj", "{0DA6B03A-750A-5B96-B9EB-F641B61AF6C5}"
EndProject
Project("{FAE04EC0-301F-11D3-BF4B-00C04F79EFBC}") = "BeoControlBlazorServices", "UI\BeoControlBlazor\BeoControlBlazorServices\BeoControlBlazorServices.csproj", "{CA47CE24-A773-4F6A-83D2-85B07516EE9D}"
EndProject
Project("{2150E333-8FDC-42A3-9474-1A3956D46DE8}") = "BeoContrlBlazor", "BeoContrlBlazor", "{42003FDB-2BDD-4312-B323-9F6470717E52}"
EndProject
Project("{2150E333-8FDC-42A3-9474-1A3956D46DE8}") = "Interfaces", "Interfaces", "{F950DB2C-3B87-4536-55E6-8585CBA5CF21}"
EndProject
Project("{2150E333-8FDC-42A3-9474-1A3956D46DE8}") = "_solutionFolder", "_solutionFolder", "{C5D1772A-BADF-43C6-ACC9-560703769D41}"
EndProject
Project("{2150E333-8FDC-42A3-9474-1A3956D46DE8}") = "Solution Items", "Solution Items", "{35641C87-B552-4D0C-B615-FCE87D016BD9}"
	ProjectSection(SolutionItems) = preProject
		README.md = README.md
	EndProjectSection
EndProject
Project("{FAE04EC0-301F-11D3-BF4B-00C04F79EFBC}") = "PC2ControlExample", "UI\PC2ControlExample\PC2ControlExample.csproj", "{A9BD22DA-CA87-48DB-D5DA-371D2ED18287}"
EndProject
Project("{2150E333-8FDC-42A3-9474-1A3956D46DE8}") = "BeoControlWebKit", "BeoControlWebKit", "{AFAE2585-A3BD-4AAA-ACF0-17FA05A62BF5}"
EndProject
Project("{FAE04EC0-301F-11D3-BF4B-00C04F79EFBC}") = "BeoControlWebKit", "UI\BeoControlBlazor\BeoControlWebKit\BeoControlWebKit\BeoControlWebKit.csproj", "{7484CC15-77C9-64F3-B86B-2A0FFC22854C}"
EndProject
Project("{FAE04EC0-301F-11D3-BF4B-00C04F79EFBC}") = "WebKitGtk", "UI\BeoControlBlazor\BeoControlWebKit\WebKitGtk\WebKitGtk.csproj", "{90F2E4D7-3B1F-688C-4AE9-ED368F16C76F}"
EndProject
Global
	GlobalSection(SolutionConfigurationPlatforms) = preSolution
		Debug|Any CPU = Debug|Any CPU
		Debug|x64 = Debug|x64
		Debug|x86 = Debug|x86
		Release|Any CPU = Release|Any CPU
		Release|x64 = Release|x64
		Release|x86 = Release|x86
	EndGlobalSection
	GlobalSection(ProjectConfigurationPlatforms) = postSolution
		{0C24C5A2-17C3-73BF-069B-0E0DD1EF9EF2}.Debug|Any CPU.ActiveCfg = Debug|Any CPU
		{0C24C5A2-17C3-73BF-069B-0E0DD1EF9EF2}.Debug|Any CPU.Build.0 = Debug|Any CPU
		{0C24C5A2-17C3-73BF-069B-0E0DD1EF9EF2}.Debug|x64.ActiveCfg = Debug|Any CPU
		{0C24C5A2-17C3-73BF-069B-0E0DD1EF9EF2}.Debug|x64.Build.0 = Debug|Any CPU
		{0C24C5A2-17C3-73BF-069B-0E0DD1EF9EF2}.Debug|x86.ActiveCfg = Debug|Any CPU
		{0C24C5A2-17C3-73BF-069B-0E0DD1EF9EF2}.Debug|x86.Build.0 = Debug|Any CPU
		{0C24C5A2-17C3-73BF-069B-0E0DD1EF9EF2}.Release|Any CPU.ActiveCfg = Release|Any CPU
		{0C24C5A2-17C3-73BF-069B-0E0DD1EF9EF2}.Release|Any CPU.Build.0 = Release|Any CPU
		{0C24C5A2-17C3-73BF-069B-0E0DD1EF9EF2}.Release|x64.ActiveCfg = Release|Any CPU
		{0C24C5A2-17C3-73BF-069B-0E0DD1EF9EF2}.Release|x64.Build.0 = Release|Any CPU
		{0C24C5A2-17C3-73BF-069B-0E0DD1EF9EF2}.Release|x86.ActiveCfg = Release|Any CPU
		{0C24C5A2-17C3-73BF-069B-0E0DD1EF9EF2}.Release|x86.Build.0 = Release|Any CPU
		{79E20EF0-CF3C-42BF-BD26-98F6A09B629D}.Debug|Any CPU.ActiveCfg = Debug|Any CPU
		{79E20EF0-CF3C-42BF-BD26-98F6A09B629D}.Debug|Any CPU.Build.0 = Debug|Any CPU
		{79E20EF0-CF3C-42BF-BD26-98F6A09B629D}.Debug|x64.ActiveCfg = Debug|Any CPU
		{79E20EF0-CF3C-42BF-BD26-98F6A09B629D}.Debug|x64.Build.0 = Debug|Any CPU
		{79E20EF0-CF3C-42BF-BD26-98F6A09B629D}.Debug|x86.ActiveCfg = Debug|Any CPU
		{79E20EF0-CF3C-42BF-BD26-98F6A09B629D}.Debug|x86.Build.0 = Debug|Any CPU
		{79E20EF0-CF3C-42BF-BD26-98F6A09B629D}.Release|Any CPU.ActiveCfg = Release|Any CPU
		{79E20EF0-CF3C-42BF-BD26-98F6A09B629D}.Release|Any CPU.Build.0 = Release|Any CPU
		{79E20EF0-CF3C-42BF-BD26-98F6A09B629D}.Release|x64.ActiveCfg = Release|Any CPU
		{79E20EF0-CF3C-42BF-BD26-98F6A09B629D}.Release|x64.Build.0 = Release|Any CPU
		{79E20EF0-CF3C-42BF-BD26-98F6A09B629D}.Release|x86.ActiveCfg = Release|Any CPU
		{79E20EF0-CF3C-42BF-BD26-98F6A09B629D}.Release|x86.Build.0 = Release|Any CPU
		{5956DEBA-4C04-49A1-90FF-0E371E069826}.Debug|Any CPU.ActiveCfg = Debug|Any CPU
		{5956DEBA-4C04-49A1-90FF-0E371E069826}.Debug|Any CPU.Build.0 = Debug|Any CPU
		{5956DEBA-4C04-49A1-90FF-0E371E069826}.Debug|x64.ActiveCfg = Debug|Any CPU
		{5956DEBA-4C04-49A1-90FF-0E371E069826}.Debug|x64.Build.0 = Debug|Any CPU
		{5956DEBA-4C04-49A1-90FF-0E371E069826}.Debug|x86.ActiveCfg = Debug|Any CPU
		{5956DEBA-4C04-49A1-90FF-0E371E069826}.Debug|x86.Build.0 = Debug|Any CPU
		{5956DEBA-4C04-49A1-90FF-0E371E069826}.Release|Any CPU.ActiveCfg = Release|Any CPU
		{5956DEBA-4C04-49A1-90FF-0E371E069826}.Release|Any CPU.Build.0 = Release|Any CPU
		{5956DEBA-4C04-49A1-90FF-0E371E069826}.Release|x64.ActiveCfg = Release|Any CPU
		{5956DEBA-4C04-49A1-90FF-0E371E069826}.Release|x64.Build.0 = Release|Any CPU
		{5956DEBA-4C04-49A1-90FF-0E371E069826}.Release|x86.ActiveCfg = Release|Any CPU
		{5956DEBA-4C04-49A1-90FF-0E371E069826}.Release|x86.Build.0 = Release|Any CPU
		{A1B2C3D4-E5F6-7890-ABCD-EF1234567890}.Debug|Any CPU.ActiveCfg = Debug|Any CPU
		{A1B2C3D4-E5F6-7890-ABCD-EF1234567890}.Debug|Any CPU.Build.0 = Debug|Any CPU
		{A1B2C3D4-E5F6-7890-ABCD-EF1234567890}.Debug|x64.ActiveCfg = Debug|Any CPU
		{A1B2C3D4-E5F6-7890-ABCD-EF1234567890}.Debug|x64.Build.0 = Debug|Any CPU
		{A1B2C3D4-E5F6-7890-ABCD-EF1234567890}.Debug|x86.ActiveCfg = Debug|Any CPU
		{A1B2C3D4-E5F6-7890-ABCD-EF1234567890}.Debug|x86.Build.0 = Debug|Any CPU
		{A1B2C3D4-E5F6-7890-ABCD-EF1234567890}.Release|Any CPU.ActiveCfg = Release|Any CPU
		{A1B2C3D4-E5F6-7890-ABCD-EF1234567890}.Release|Any CPU.Build.0 = Release|Any CPU
		{A1B2C3D4-E5F6-7890-ABCD-EF1234567890}.Release|x64.ActiveCfg = Release|Any CPU
		{A1B2C3D4-E5F6-7890-ABCD-EF1234567890}.Release|x64.Build.0 = Release|Any CPU
		{A1B2C3D4-E5F6-7890-ABCD-EF1234567890}.Release|x86.ActiveCfg = Release|Any CPU
		{A1B2C3D4-E5F6-7890-ABCD-EF1234567890}.Release|x86.Build.0 = Release|Any CPU
		{6D1258DB-BC5F-F0C4-80F2-0B560F7783C7}.Debug|Any CPU.ActiveCfg = Debug|Any CPU
		{6D1258DB-BC5F-F0C4-80F2-0B560F7783C7}.Debug|Any CPU.Build.0 = Debug|Any CPU
		{6D1258DB-BC5F-F0C4-80F2-0B560F7783C7}.Debug|x64.ActiveCfg = Debug|Any CPU
		{6D1258DB-BC5F-F0C4-80F2-0B560F7783C7}.Debug|x64.Build.0 = Debug|Any CPU
		{6D1258DB-BC5F-F0C4-80F2-0B560F7783C7}.Debug|x86.ActiveCfg = Debug|Any CPU
		{6D1258DB-BC5F-F0C4-80F2-0B560F7783C7}.Debug|x86.Build.0 = Debug|Any CPU
		{6D1258DB-BC5F-F0C4-80F2-0B560F7783C7}.Release|Any CPU.ActiveCfg = Release|Any CPU
		{6D1258DB-BC5F-F0C4-80F2-0B560F7783C7}.Release|Any CPU.Build.0 = Release|Any CPU
		{6D1258DB-BC5F-F0C4-80F2-0B560F7783C7}.Release|x64.ActiveCfg = Release|Any CPU
		{6D1258DB-BC5F-F0C4-80F2-0B560F7783C7}.Release|x64.Build.0 = Release|Any CPU
		{6D1258DB-BC5F-F0C4-80F2-0B560F7783C7}.Release|x86.ActiveCfg = Release|Any CPU
		{6D1258DB-BC5F-F0C4-80F2-0B560F7783C7}.Release|x86.Build.0 = Release|Any CPU
		{6465577B-2011-41D4-9EB4-C9C54BE2F56F}.Debug|Any CPU.ActiveCfg = Debug|Any CPU
		{6465577B-2011-41D4-9EB4-C9C54BE2F56F}.Debug|Any CPU.Build.0 = Debug|Any CPU
		{6465577B-2011-41D4-9EB4-C9C54BE2F56F}.Debug|Any CPU.Deploy.0 = Debug|Any CPU
		{6465577B-2011-41D4-9EB4-C9C54BE2F56F}.Debug|x64.ActiveCfg = Debug|Any CPU
		{6465577B-2011-41D4-9EB4-C9C54BE2F56F}.Debug|x64.Build.0 = Debug|Any CPU
		{6465577B-2011-41D4-9EB4-C9C54BE2F56F}.Debug|x86.ActiveCfg = Debug|Any CPU
		{6465577B-2011-41D4-9EB4-C9C54BE2F56F}.Debug|x86.Build.0 = Debug|Any CPU
		{6465577B-2011-41D4-9EB4-C9C54BE2F56F}.Release|Any CPU.ActiveCfg = Release|Any CPU
		{6465577B-2011-41D4-9EB4-C9C54BE2F56F}.Release|Any CPU.Build.0 = Release|Any CPU
		{6465577B-2011-41D4-9EB4-C9C54BE2F56F}.Release|x64.ActiveCfg = Release|Any CPU
		{6465577B-2011-41D4-9EB4-C9C54BE2F56F}.Release|x64.Build.0 = Release|Any CPU
		{6465577B-2011-41D4-9EB4-C9C54BE2F56F}.Release|x86.ActiveCfg = Release|Any CPU
		{6465577B-2011-41D4-9EB4-C9C54BE2F56F}.Release|x86.Build.0 = Release|Any CPU
		{254D8620-16FF-360B-AF6B-89B4C372BC0C}.Debug|Any CPU.ActiveCfg = Debug|Any CPU
		{254D8620-16FF-360B-AF6B-89B4C372BC0C}.Debug|Any CPU.Build.0 = Debug|Any CPU
		{254D8620-16FF-360B-AF6B-89B4C372BC0C}.Debug|x64.ActiveCfg = Debug|Any CPU
		{254D8620-16FF-360B-AF6B-89B4C372BC0C}.Debug|x64.Build.0 = Debug|Any CPU
		{254D8620-16FF-360B-AF6B-89B4C372BC0C}.Debug|x86.ActiveCfg = Debug|Any CPU
		{254D8620-16FF-360B-AF6B-89B4C372BC0C}.Debug|x86.Build.0 = Debug|Any CPU
		{254D8620-16FF-360B-AF6B-89B4C372BC0C}.Release|Any CPU.ActiveCfg = Release|Any CPU
		{254D8620-16FF-360B-AF6B-89B4C372BC0C}.Release|Any CPU.Build.0 = Release|Any CPU
		{254D8620-16FF-360B-AF6B-89B4C372BC0C}.Release|x64.ActiveCfg = Release|Any CPU
		{254D8620-16FF-360B-AF6B-89B4C372BC0C}.Release|x64.Build.0 = Release|Any CPU
		{254D8620-16FF-360B-AF6B-89B4C372BC0C}.Release|x86.ActiveCfg = Release|Any CPU
		{254D8620-16FF-360B-AF6B-89B4C372BC0C}.Release|x86.Build.0 = Release|Any CPU
		{0DA6B03A-750A-5B96-B9EB-F641B61AF6C5}.Debug|Any CPU.ActiveCfg = Debug|Any CPU
		{0DA6B03A-750A-5B96-B9EB-F641B61AF6C5}.Debug|Any CPU.Build.0 = Debug|Any CPU
		{0DA6B03A-750A-5B96-B9EB-F641B61AF6C5}.Debug|x64.ActiveCfg = Debug|Any CPU
		{0DA6B03A-750A-5B96-B9EB-F641B61AF6C5}.Debug|x64.Build.0 = Debug|Any CPU
		{0DA6B03A-750A-5B96-B9EB-F641B61AF6C5}.Debug|x86.ActiveCfg = Debug|Any CPU
		{0DA6B03A-750A-5B96-B9EB-F641B61AF6C5}.Debug|x86.Build.0 = Debug|Any CPU
		{0DA6B03A-750A-5B96-B9EB-F641B61AF6C5}.Release|Any CPU.ActiveCfg = Release|Any CPU
		{0DA6B03A-750A-5B96-B9EB-F641B61AF6C5}.Release|Any CPU.Build.0 = Release|Any CPU
		{0DA6B03A-750A-5B96-B9EB-F641B61AF6C5}.Release|x64.ActiveCfg = Release|Any CPU
		{0DA6B03A-750A-5B96-B9EB-F641B61AF6C5}.Release|x64.Build.0 = Release|Any CPU
		{0DA6B03A-750A-5B96-B9EB-F641B61AF6C5}.Release|x86.ActiveCfg = Release|Any CPU
		{0DA6B03A-750A-5B96-B9EB-F641B61AF6C5}.Release|x86.Build.0 = Release|Any CPU
		{CA47CE24-A773-4F6A-83D2-85B07516EE9D}.Debug|Any CPU.ActiveCfg = Debug|Any CPU
		{CA47CE24-A773-4F6A-83D2-85B07516EE9D}.Debug|Any CPU.Build.0 = Debug|Any CPU
		{CA47CE24-A773-4F6A-83D2-85B07516EE9D}.Debug|x64.ActiveCfg = Debug|Any CPU
		{CA47CE24-A773-4F6A-83D2-85B07516EE9D}.Debug|x64.Build.0 = Debug|Any CPU
		{CA47CE24-A773-4F6A-83D2-85B07516EE9D}.Debug|x86.ActiveCfg = Debug|Any CPU
		{CA47CE24-A773-4F6A-83D2-85B07516EE9D}.Debug|x86.Build.0 = Debug|Any CPU
		{CA47CE24-A773-4F6A-83D2-85B07516EE9D}.Release|Any CPU.ActiveCfg = Release|Any CPU
		{CA47CE24-A773-4F6A-83D2-85B07516EE9D}.Release|Any CPU.Build.0 = Release|Any CPU
		{CA47CE24-A773-4F6A-83D2-85B07516EE9D}.Release|x64.ActiveCfg = Release|Any CPU
		{CA47CE24-A773-4F6A-83D2-85B07516EE9D}.Release|x64.Build.0 = Release|Any CPU
		{CA47CE24-A773-4F6A-83D2-85B07516EE9D}.Release|x86.ActiveCfg = Release|Any CPU
		{CA47CE24-A773-4F6A-83D2-85B07516EE9D}.Release|x86.Build.0 = Release|Any CPU
		{A9BD22DA-CA87-48DB-D5DA-371D2ED18287}.Debug|Any CPU.ActiveCfg = Debug|Any CPU
		{A9BD22DA-CA87-48DB-D5DA-371D2ED18287}.Debug|Any CPU.Build.0 = Debug|Any CPU
		{A9BD22DA-CA87-48DB-D5DA-371D2ED18287}.Debug|x64.ActiveCfg = Debug|Any CPU
		{A9BD22DA-CA87-48DB-D5DA-371D2ED18287}.Debug|x64.Build.0 = Debug|Any CPU
		{A9BD22DA-CA87-48DB-D5DA-371D2ED18287}.Debug|x86.ActiveCfg = Debug|Any CPU
		{A9BD22DA-CA87-48DB-D5DA-371D2ED18287}.Debug|x86.Build.0 = Debug|Any CPU
		{A9BD22DA-CA87-48DB-D5DA-371D2ED18287}.Release|Any CPU.ActiveCfg = Release|Any CPU
		{A9BD22DA-CA87-48DB-D5DA-371D2ED18287}.Release|Any CPU.Build.0 = Release|Any CPU
		{A9BD22DA-CA87-48DB-D5DA-371D2ED18287}.Release|x64.ActiveCfg = Release|Any CPU
		{A9BD22DA-CA87-48DB-D5DA-371D2ED18287}.Release|x64.Build.0 = Release|Any CPU
		{A9BD22DA-CA87-48DB-D5DA-371D2ED18287}.Release|x86.ActiveCfg = Release|Any CPU
		{A9BD22DA-CA87-48DB-D5DA-371D2ED18287}.Release|x86.Build.0 = Release|Any CPU
		{7484CC15-77C9-64F3-B86B-2A0FFC22854C}.Debug|Any CPU.ActiveCfg = Debug|Any CPU
		{7484CC15-77C9-64F3-B86B-2A0FFC22854C}.Debug|Any CPU.Build.0 = Debug|Any CPU
		{7484CC15-77C9-64F3-B86B-2A0FFC22854C}.Debug|x64.ActiveCfg = Debug|Any CPU
		{7484CC15-77C9-64F3-B86B-2A0FFC22854C}.Debug|x64.Build.0 = Debug|Any CPU
		{7484CC15-77C9-64F3-B86B-2A0FFC22854C}.Debug|x86.ActiveCfg = Debug|Any CPU
		{7484CC15-77C9-64F3-B86B-2A0FFC22854C}.Debug|x86.Build.0 = Debug|Any CPU
		{7484CC15-77C9-64F3-B86B-2A0FFC22854C}.Release|Any CPU.ActiveCfg = Release|Any CPU
		{7484CC15-77C9-64F3-B86B-2A0FFC22854C}.Release|Any CPU.Build.0 = Release|Any CPU
		{7484CC15-77C9-64F3-B86B-2A0FFC22854C}.Release|x64.ActiveCfg = Release|Any CPU
		{7484CC15-77C9-64F3-B86B-2A0FFC22854C}.Release|x64.Build.0 = Release|Any CPU
		{7484CC15-77C9-64F3-B86B-2A0FFC22854C}.Release|x86.ActiveCfg = Release|Any CPU
		{7484CC15-77C9-64F3-B86B-2A0FFC22854C}.Release|x86.Build.0 = Release|Any CPU
		{90F2E4D7-3B1F-688C-4AE9-ED368F16C76F}.Debug|Any CPU.ActiveCfg = Debug|Any CPU
		{90F2E4D7-3B1F-688C-4AE9-ED368F16C76F}.Debug|Any CPU.Build.0 = Debug|Any CPU
		{90F2E4D7-3B1F-688C-4AE9-ED368F16C76F}.Debug|x64.ActiveCfg = Debug|Any CPU
		{90F2E4D7-3B1F-688C-4AE9-ED368F16C76F}.Debug|x64.Build.0 = Debug|Any CPU
		{90F2E4D7-3B1F-688C-4AE9-ED368F16C76F}.Debug|x86.ActiveCfg = Debug|Any CPU
		{90F2E4D7-3B1F-688C-4AE9-ED368F16C76F}.Debug|x86.Build.0 = Debug|Any CPU
		{90F2E4D7-3B1F-688C-4AE9-ED368F16C76F}.Release|Any CPU.ActiveCfg = Release|Any CPU
		{90F2E4D7-3B1F-688C-4AE9-ED368F16C76F}.Release|Any CPU.Build.0 = Release|Any CPU
		{90F2E4D7-3B1F-688C-4AE9-ED368F16C76F}.Release|x64.ActiveCfg = Release|Any CPU
		{90F2E4D7-3B1F-688C-4AE9-ED368F16C76F}.Release|x64.Build.0 = Release|Any CPU
		{90F2E4D7-3B1F-688C-4AE9-ED368F16C76F}.Release|x86.ActiveCfg = Release|Any CPU
		{90F2E4D7-3B1F-688C-4AE9-ED368F16C76F}.Release|x86.Build.0 = Release|Any CPU
	EndGlobalSection
	GlobalSection(SolutionProperties) = preSolution
		HideSolutionNode = FALSE
	EndGlobalSection
	GlobalSection(NestedProjects) = preSolution
		{0C24C5A2-17C3-73BF-069B-0E0DD1EF9EF2} = {BF000001-0000-0000-0000-000000000001}
		{79E20EF0-CF3C-42BF-BD26-98F6A09B629D} = {F950DB2C-3B87-4536-55E6-8585CBA5CF21}
		{5956DEBA-4C04-49A1-90FF-0E371E069826} = {BF000002-0000-0000-0000-000000000002}
		{A1B2C3D4-E5F6-7890-ABCD-EF1234567890} = {BF000002-0000-0000-0000-000000000002}
		{6D1258DB-BC5F-F0C4-80F2-0B560F7783C7} = {BF000003-0000-0000-0000-000000000003}
		{6465577B-2011-41D4-9EB4-C9C54BE2F56F} = {42003FDB-2BDD-4312-B323-9F6470717E52}
		{254D8620-16FF-360B-AF6B-89B4C372BC0C} = {42003FDB-2BDD-4312-B323-9F6470717E52}
		{0DA6B03A-750A-5B96-B9EB-F641B61AF6C5} = {42003FDB-2BDD-4312-B323-9F6470717E52}
		{CA47CE24-A773-4F6A-83D2-85B07516EE9D} = {42003FDB-2BDD-4312-B323-9F6470717E52}
		{42003FDB-2BDD-4312-B323-9F6470717E52} = {BF000003-0000-0000-0000-000000000003}
		{A9BD22DA-CA87-48DB-D5DA-371D2ED18287} = {BF000003-0000-0000-0000-000000000003}
		{AFAE2585-A3BD-4AAA-ACF0-17FA05A62BF5} = {42003FDB-2BDD-4312-B323-9F6470717E52}
		{7484CC15-77C9-64F3-B86B-2A0FFC22854C} = {AFAE2585-A3BD-4AAA-ACF0-17FA05A62BF5}
		{90F2E4D7-3B1F-688C-4AE9-ED368F16C76F} = {AFAE2585-A3BD-4AAA-ACF0-17FA05A62BF5}
	EndGlobalSection
	GlobalSection(ExtensibilityGlobals) = postSolution
		SolutionGuid = {01039ABA-4081-401D-8AE2-EBC92EC3E4B2}
	EndGlobalSection
EndGlobal
